
Microsoft Visual Studio Solution File, Format Version 12.00
# Visual Studio 15
Project("{FAE04EC0-301F-11D3-BF4B-00C04F79EFBC}") = "Lab3", "YesICan\Lab3.csproj", "{07C1E636-D4A1-48E5-AE6D-5BEF317A7C6B}"
EndProject
Project("{FAE04EC0-301F-11D3-BF4B-00C04F79EFBC}") = "Lab4", "Lab4\Lab4.csproj", "{3FA3DABF-9295-459B-8F5D-5372CDA5D42F}"
EndProject
Project("{FAE04EC0-301F-11D3-BF4B-00C04F79EFBC}") = "Lab5", "Lab5\Lab5.csproj", "{C643865B-2E70-473C-A17E-16EFB6F3CA65}"
EndProject
Project("{FAE04EC0-301F-11D3-BF4B-00C04F79EFBC}") = "Lab7", "Lab7\Lab7.csproj", "{B0B202A0-E835-46DE-B249-E76DBA6CBA02}"
EndProject
Project("{FAE04EC0-301F-11D3-BF4B-00C04F79EFBC}") = "Lab6", "Lab6\Lab6.csproj", "{E7745B6C-B849-4648-B0C9-A908A730F8F2}"
EndProject
Project("{FAE04EC0-301F-11D3-BF4B-00C04F79EFBC}") = "Lab8", "Lab8\Lab8.csproj", "{AE97114F-CD7D-4889-B58A-1C6F21D6F295}"
EndProject
Project("{FAE04EC0-301F-11D3-BF4B-00C04F79EFBC}") = "Lab9", "Lab9\Lab9.csproj", "{AE0003C4-ED67-4705-B22E-50786469FCED}"
EndProject
Project("{FAE04EC0-301F-11D3-BF4B-00C04F79EFBC}") = "Lab10", "Lab10\Lab10.csproj", "{67CC5C7A-33ED-473B-8133-E6366D4A9375}"
EndProject
Project("{FAE04EC0-301F-11D3-BF4B-00C04F79EFBC}") = "Lab11", "Lab11\Lab11.csproj", "{CEAA7EF4-5F6A-484C-B46B-1A1353077F41}"
EndProject
Project("{FAE04EC0-301F-11D3-BF4B-00C04F79EFBC}") = "Lab12", "Lab12\Lab12.csproj", "{8EE83988-9188-4C86-94EE-6D65C03DB295}"
EndProject
Project("{FAE04EC0-301F-11D3-BF4B-00C04F79EFBC}") = "Lab13", "Lab13\Lab13.csproj", "{3843E434-A304-4D94-ADA3-7CF0347150AF}"
EndProject
Project("{FAE04EC0-301F-11D3-BF4B-00C04F79EFBC}") = "Lab14", "Lab14\Lab14.csproj", "{78D77443-3B87-43F5-B20F-F87C8FB57FF0}"
EndProject
Global
	GlobalSection(SolutionConfigurationPlatforms) = preSolution
		Debug|x86 = Debug|x86
		Release|x86 = Release|x86
	EndGlobalSection
	GlobalSection(ProjectConfigurationPlatforms) = postSolution
		{07C1E636-D4A1-48E5-AE6D-5BEF317A7C6B}.Debug|x86.ActiveCfg = Debug|x86
		{07C1E636-D4A1-48E5-AE6D-5BEF317A7C6B}.Debug|x86.Build.0 = Debug|x86
		{07C1E636-D4A1-48E5-AE6D-5BEF317A7C6B}.Release|x86.ActiveCfg = Release|x86
		{07C1E636-D4A1-48E5-AE6D-5BEF317A7C6B}.Release|x86.Build.0 = Release|x86
		{3FA3DABF-9295-459B-8F5D-5372CDA5D42F}.Debug|x86.ActiveCfg = Debug|x86
		{3FA3DABF-9295-459B-8F5D-5372CDA5D42F}.Debug|x86.Build.0 = Debug|x86
		{3FA3DABF-9295-459B-8F5D-5372CDA5D42F}.Release|x86.ActiveCfg = Release|x86
		{3FA3DABF-9295-459B-8F5D-5372CDA5D42F}.Release|x86.Build.0 = Release|x86
		{C643865B-2E70-473C-A17E-16EFB6F3CA65}.Debug|x86.ActiveCfg = Debug|x86
		{C643865B-2E70-473C-A17E-16EFB6F3CA65}.Debug|x86.Build.0 = Debug|x86
		{C643865B-2E70-473C-A17E-16EFB6F3CA65}.Release|x86.ActiveCfg = Release|x86
		{C643865B-2E70-473C-A17E-16EFB6F3CA65}.Release|x86.Build.0 = Release|x86
		{B0B202A0-E835-46DE-B249-E76DBA6CBA02}.Debug|x86.ActiveCfg = Debug|x86
		{B0B202A0-E835-46DE-B249-E76DBA6CBA02}.Debug|x86.Build.0 = Debug|x86
		{B0B202A0-E835-46DE-B249-E76DBA6CBA02}.Release|x86.ActiveCfg = Release|x86
		{B0B202A0-E835-46DE-B249-E76DBA6CBA02}.Release|x86.Build.0 = Release|x86
		{E7745B6C-B849-4648-B0C9-A908A730F8F2}.Debug|x86.ActiveCfg = Debug|x86
		{E7745B6C-B849-4648-B0C9-A908A730F8F2}.Debug|x86.Build.0 = Debug|x86
		{E7745B6C-B849-4648-B0C9-A908A730F8F2}.Release|x86.ActiveCfg = Release|x86
		{E7745B6C-B849-4648-B0C9-A908A730F8F2}.Release|x86.Build.0 = Release|x86
		{AE97114F-CD7D-4889-B58A-1C6F21D6F295}.Debug|x86.ActiveCfg = Debug|x86
		{AE97114F-CD7D-4889-B58A-1C6F21D6F295}.Debug|x86.Build.0 = Debug|x86
		{AE97114F-CD7D-4889-B58A-1C6F21D6F295}.Release|x86.ActiveCfg = Release|x86
		{AE97114F-CD7D-4889-B58A-1C6F21D6F295}.Release|x86.Build.0 = Release|x86
		{AE0003C4-ED67-4705-B22E-50786469FCED}.Debug|x86.ActiveCfg = Debug|x86
		{AE0003C4-ED67-4705-B22E-50786469FCED}.Debug|x86.Build.0 = Debug|x86
		{AE0003C4-ED67-4705-B22E-50786469FCED}.Release|x86.ActiveCfg = Release|x86
		{AE0003C4-ED67-4705-B22E-50786469FCED}.Release|x86.Build.0 = Release|x86
		{67CC5C7A-33ED-473B-8133-E6366D4A9375}.Debug|x86.ActiveCfg = Debug|x86
		{67CC5C7A-33ED-473B-8133-E6366D4A9375}.Debug|x86.Build.0 = Debug|x86
		{67CC5C7A-33ED-473B-8133-E6366D4A9375}.Release|x86.ActiveCfg = Release|x86
		{67CC5C7A-33ED-473B-8133-E6366D4A9375}.Release|x86.Build.0 = Release|x86
		{CEAA7EF4-5F6A-484C-B46B-1A1353077F41}.Debug|x86.ActiveCfg = Debug|x86
		{CEAA7EF4-5F6A-484C-B46B-1A1353077F41}.Debug|x86.Build.0 = Debug|x86
		{CEAA7EF4-5F6A-484C-B46B-1A1353077F41}.Release|x86.ActiveCfg = Release|x86
		{CEAA7EF4-5F6A-484C-B46B-1A1353077F41}.Release|x86.Build.0 = Release|x86
		{8EE83988-9188-4C86-94EE-6D65C03DB295}.Debug|x86.ActiveCfg = Debug|x86
		{8EE83988-9188-4C86-94EE-6D65C03DB295}.Debug|x86.Build.0 = Debug|x86
		{8EE83988-9188-4C86-94EE-6D65C03DB295}.Release|x86.ActiveCfg = Release|x86
		{8EE83988-9188-4C86-94EE-6D65C03DB295}.Release|x86.Build.0 = Release|x86
		{3843E434-A304-4D94-ADA3-7CF0347150AF}.Debug|x86.ActiveCfg = Debug|x86
		{3843E434-A304-4D94-ADA3-7CF0347150AF}.Debug|x86.Build.0 = Debug|x86
		{3843E434-A304-4D94-ADA3-7CF0347150AF}.Release|x86.ActiveCfg = Release|x86
		{3843E434-A304-4D94-ADA3-7CF0347150AF}.Release|x86.Build.0 = Release|x86
		{78D77443-3B87-43F5-B20F-F87C8FB57FF0}.Debug|x86.ActiveCfg = Debug|x86
		{78D77443-3B87-43F5-B20F-F87C8FB57FF0}.Debug|x86.Build.0 = Debug|x86
		{78D77443-3B87-43F5-B20F-F87C8FB57FF0}.Release|x86.ActiveCfg = Release|x86
		{78D77443-3B87-43F5-B20F-F87C8FB57FF0}.Release|x86.Build.0 = Release|x86
	EndGlobalSection
EndGlobal
